# THIS IS AN AUTOGENERATED FILE. DO NOT EDIT THIS FILE DIRECTLY.
# yarn lockfile v1

"deep-dep@^1.0.0", "deep-dep@^1.5.0":
  version "1.5.0"
  resolved "https://registry.yarnpkg.com/deep-dep.tgz#123123"
  integrity sha512-shashashashashashashhsa==

"deep-dep@3.0.0":
  version "3.0.0"
  resolved "https://registry.yarnpkg.com/deep-dep.tgz#123123"
  integrity sha512-shashashashashashashhsa==

"other-dep@1.0.0":
  version "1.0.0"
  resolved "https://registry.yarnpkg.com/in-w1-dev-dep-1.tgz#123123"
  integrity sha512-shashashashashashashhsa==
  dependencies:
    "deep-dep" "3.0.0"

"new-dep@1.0.0":
  version "1.0.0"
  resolved "https://registry.yarnpkg.com/in-w1-dev-dep-1.tgz#123123"
  integrity sha512-shashashashashashashhsa==
  dependencies:
    "deep-dep" "^1.0.0"

"old-dep@1.0.0":
  version "1.0.0"
  resolved "https://registry.yarnpkg.com/in-w1-dev-dep-1.tgz#123123"
  integrity sha512-shashashashashashashhsa==
  dependencies:
    "deep-dep" "^1.5.0"

noop@1:
  version "7.10.4"
  resolved "https://registry.yarnpkg.com/in-w1-dev-dep-1.tgz#123123"
  integrity sha512-shashashashashashashhsa==
  dependencies:
    in-w1-dev-dep-2 "2"